PODS:
  - IGColorPicker (0.4.2):
    - M13Checkbox (~> 3.2.0)
  - IQKeyboardManagerSwift (6.4.0)
  - M13Checkbox (3.2.2)

DEPENDENCIES:
  - IGColorPicker
  - IQKeyboardManagerSwift

SPEC REPOS:
  https://github.com/cocoapods/specs.git:
    - IGColorPicker
    - IQKeyboardManagerSwift
    - M13Checkbox

SPEC CHECKSUMS:
  IGColorPicker: c6d43aa386a9fdc8f958f3bd4e5ab85905242c8a
  IQKeyboardManagerSwift: ed9b04ee0e3067ffba543283462d619f944b05e5
  M13Checkbox: a8c2491cfbbca10797925fd0b9154a782bf40d89

PODFILE CHECKSUM: 7e129e35423decad847ddad7f203f90f2a9e4a85

COCOAPODS: 1.7.4
